
Microsoft Visual Studio Solution File, Format Version 12.00
# Visual Studio Version 17
VisualStudioVersion = 17.5.002.0
MinimumVisualStudioVersion = 10.0.40219.1
Project("{9A19103F-16F7-4668-BE54-9A1E7A4F7556}") = "Finder", "Finder.csproj", "{464E2871-04EB-46AA-A5B9-2AAA9A2C4682}"
EndProject
Global
	GlobalSection(SolutionConfigurationPlatforms) = preSolution
		Debug|Any CPU = Debug|Any CPU
		Release|Any CPU = Release|Any CPU
	EndGlobalSection
	GlobalSection(ProjectConfigurationPlatforms) = postSolution
		{464E2871-04EB-46AA-A5B9-2AAA9A2C4682}.Debug|Any CPU.ActiveCfg = Debug|Any CPU
		{464E2871-04EB-46AA-A5B9-2AAA9A2C4682}.Debug|Any CPU.Build.0 = Debug|Any CPU
		{464E2871-04EB-46AA-A5B9-2AAA9A2C4682}.Release|Any CPU.ActiveCfg = Release|Any CPU
		{464E2871-04EB-46AA-A5B9-2AAA9A2C4682}.Release|Any CPU.Build.0 = Release|Any CPU
	EndGlobalSection
	GlobalSection(SolutionProperties) = preSolution
		HideSolutionNode = FALSE
	EndGlobalSection
	GlobalSection(ExtensibilityGlobals) = postSolution
		SolutionGuid = {348F657F-D03A-43D1-8A4F-03D58EED865A}
	EndGlobalSection
EndGlobal
